{
  "name": "hermione-simple-url-decorator",
  "version": "1.0.0",
  "lockfileVersion": 1,
  "requires": true,
  "dependencies": {
    "urijs": {
      "version": "1.19.7",
      "resolved": "https://npm.yandex-team.ru/urijs/-/urijs-1.19.7.tgz?rbtorrent=6fc961de1c086d8426ecf1b12667786c9139287b",
      "integrity": "sha512-Id+IKjdU0Hx+7Zx717jwLPsPeUqz7rAtuVBRLLs+qn+J2nf9NGITWVCxcijgYxBqe83C7sqsQPs6H1pyz3x9gA=="
    }
  }
}
